
Microsoft Visual Studio Solution File, Format Version 12.00
# Visual Studio 2017
Project("{FAE04EC0-301F-11D3-BF4B-00C04F79EFBC}") = "ProjectToufu", "ProjectToufu.csproj", "{676E4E29-94D5-6AB9-6619-A3A64F8195A5}"
EndProject
Project("{FAE04EC0-301F-11D3-BF4B-00C04F79EFBC}") = "ProjectToufu.Editor", "ProjectToufu.Editor.csproj", "{65D16019-7E77-A0FD-E201-E0BC3D01C29D}"
EndProject
Global
	GlobalSection(SolutionConfigurationPlatforms) = preSolution
		Debug|Any CPU = Debug|Any CPU
		Release|Any CPU = Release|Any CPU
	EndGlobalSection
	GlobalSection(ProjectConfigurationPlatforms) = postSolution
		{676E4E29-94D5-6AB9-6619-A3A64F8195A5}.Debug|Any CPU.ActiveCfg = Debug|Any CPU
		{676E4E29-94D5-6AB9-6619-A3A64F8195A5}.Debug|Any CPU.Build.0 = Debug|Any CPU
		{676E4E29-94D5-6AB9-6619-A3A64F8195A5}.Release|Any CPU.ActiveCfg = Release|Any CPU
		{676E4E29-94D5-6AB9-6619-A3A64F8195A5}.Release|Any CPU.Build.0 = Release|Any CPU
		{65D16019-7E77-A0FD-E201-E0BC3D01C29D}.Debug|Any CPU.ActiveCfg = Debug|Any CPU
		{65D16019-7E77-A0FD-E201-E0BC3D01C29D}.Debug|Any CPU.Build.0 = Debug|Any CPU
		{65D16019-7E77-A0FD-E201-E0BC3D01C29D}.Release|Any CPU.ActiveCfg = Release|Any CPU
		{65D16019-7E77-A0FD-E201-E0BC3D01C29D}.Release|Any CPU.Build.0 = Release|Any CPU
	EndGlobalSection
	GlobalSection(SolutionProperties) = preSolution
		HideSolutionNode = FALSE
	EndGlobalSection
EndGlobal
